
Microsoft Visual Studio Solution File, Format Version 12.00
# Visual Studio Version 17
VisualStudioVersion = 17.6.33829.357
MinimumVisualStudioVersion = 10.0.40219.1
Project("{2150E333-8FDC-42A3-9474-1A3956D46DE8}") = "Common", "Common", "{E865377B-8EA8-4ABC-ABE2-27B58AA74E74}"
EndProject
Project("{9A19103F-16F7-4668-BE54-9A1E7A4F7556}") = "RailwayWebBuilderCore", "RailwayWebBuilderCore\RailwayWebBuilderCore.csproj", "{FFF8167A-D847-4FB6-80C4-74F355D7753E}"
EndProject
Project("{9A19103F-16F7-4668-BE54-9A1E7A4F7556}") = "eWolfCommon", "..\..\GitHub\eWolfApps\Common\eWolfCommon\eWolfCommon.csproj", "{3D84C703-D062-4E0B-9740-7F01D48DF943}"
EndProject
Project("{9A19103F-16F7-4668-BE54-9A1E7A4F7556}") = "eWolfBootstrap", "..\..\GitHub\eWolfApps\Common\eWolfBootstrap\eWolfBootstrap.csproj", "{D39DEF3A-291A-412E-81FB-B0362B3D8BF6}"
EndProject
Project("{2150E333-8FDC-42A3-9474-1A3956D46DE8}") = "Helpers", "Helpers", "{C2E451BC-62FA-474D-8D3A-433DF8A35D0F}"
EndProject
Project("{9A19103F-16F7-4668-BE54-9A1E7A4F7556}") = "EventsDetailsCreator", "Helpers\EventsDetailsCreator\EventsDetailsCreator.csproj", "{B2C5AB51-3AF5-487A-A0E1-04B60B348D38}"
EndProject
Project("{2150E333-8FDC-42A3-9474-1A3956D46DE8}") = "Solution Items", "Solution Items", "{D332F692-C485-4EB9-B806-794E5F0DB72C}"
	ProjectSection(SolutionItems) = preProject
		.editorconfig = .editorconfig
	EndProjectSection
EndProject
Project("{FAE04EC0-301F-11D3-BF4B-00C04F79EFBC}") = "ThumbnailCreator", "Helpers\ThumbnailCreator\ThumbnailCreator.csproj", "{09CAEC28-9D9C-4023-9747-C08F324FE9D1}"
EndProject
Project("{FAE04EC0-301F-11D3-BF4B-00C04F79EFBC}") = "WikiLocoReader", "WikiLocoReader\WikiLocoReader.csproj", "{E8C78794-43F5-4700-B7BB-EFEC6457FE09}"
EndProject
Global
	GlobalSection(SolutionConfigurationPlatforms) = preSolution
		Debug|Any CPU = Debug|Any CPU
		Release|Any CPU = Release|Any CPU
	EndGlobalSection
	GlobalSection(ProjectConfigurationPlatforms) = postSolution
		{FFF8167A-D847-4FB6-80C4-74F355D7753E}.Debug|Any CPU.ActiveCfg = Debug|Any CPU
		{FFF8167A-D847-4FB6-80C4-74F355D7753E}.Debug|Any CPU.Build.0 = Debug|Any CPU
		{FFF8167A-D847-4FB6-80C4-74F355D7753E}.Release|Any CPU.ActiveCfg = Release|Any CPU
		{FFF8167A-D847-4FB6-80C4-74F355D7753E}.Release|Any CPU.Build.0 = Release|Any CPU
		{3D84C703-D062-4E0B-9740-7F01D48DF943}.Debug|Any CPU.ActiveCfg = Debug|Any CPU
		{3D84C703-D062-4E0B-9740-7F01D48DF943}.Debug|Any CPU.Build.0 = Debug|Any CPU
		{3D84C703-D062-4E0B-9740-7F01D48DF943}.Release|Any CPU.ActiveCfg = Release|Any CPU
		{3D84C703-D062-4E0B-9740-7F01D48DF943}.Release|Any CPU.Build.0 = Release|Any CPU
		{D39DEF3A-291A-412E-81FB-B0362B3D8BF6}.Debug|Any CPU.ActiveCfg = Debug|Any CPU
		{D39DEF3A-291A-412E-81FB-B0362B3D8BF6}.Debug|Any CPU.Build.0 = Debug|Any CPU
		{D39DEF3A-291A-412E-81FB-B0362B3D8BF6}.Release|Any CPU.ActiveCfg = Release|Any CPU
		{D39DEF3A-291A-412E-81FB-B0362B3D8BF6}.Release|Any CPU.Build.0 = Release|Any CPU
		{B2C5AB51-3AF5-487A-A0E1-04B60B348D38}.Debug|Any CPU.ActiveCfg = Debug|Any CPU
		{B2C5AB51-3AF5-487A-A0E1-04B60B348D38}.Debug|Any CPU.Build.0 = Debug|Any CPU
		{B2C5AB51-3AF5-487A-A0E1-04B60B348D38}.Release|Any CPU.ActiveCfg = Release|Any CPU
		{B2C5AB51-3AF5-487A-A0E1-04B60B348D38}.Release|Any CPU.Build.0 = Release|Any CPU
		{09CAEC28-9D9C-4023-9747-C08F324FE9D1}.Debug|Any CPU.ActiveCfg = Debug|Any CPU
		{09CAEC28-9D9C-4023-9747-C08F324FE9D1}.Debug|Any CPU.Build.0 = Debug|Any CPU
		{09CAEC28-9D9C-4023-9747-C08F324FE9D1}.Release|Any CPU.ActiveCfg = Release|Any CPU
		{09CAEC28-9D9C-4023-9747-C08F324FE9D1}.Release|Any CPU.Build.0 = Release|Any CPU
		{E8C78794-43F5-4700-B7BB-EFEC6457FE09}.Debug|Any CPU.ActiveCfg = Debug|Any CPU
		{E8C78794-43F5-4700-B7BB-EFEC6457FE09}.Debug|Any CPU.Build.0 = Debug|Any CPU
		{E8C78794-43F5-4700-B7BB-EFEC6457FE09}.Release|Any CPU.ActiveCfg = Release|Any CPU
		{E8C78794-43F5-4700-B7BB-EFEC6457FE09}.Release|Any CPU.Build.0 = Release|Any CPU
	EndGlobalSection
	GlobalSection(SolutionProperties) = preSolution
		HideSolutionNode = FALSE
	EndGlobalSection
	GlobalSection(NestedProjects) = preSolution
		{3D84C703-D062-4E0B-9740-7F01D48DF943} = {E865377B-8EA8-4ABC-ABE2-27B58AA74E74}
		{D39DEF3A-291A-412E-81FB-B0362B3D8BF6} = {E865377B-8EA8-4ABC-ABE2-27B58AA74E74}
		{B2C5AB51-3AF5-487A-A0E1-04B60B348D38} = {C2E451BC-62FA-474D-8D3A-433DF8A35D0F}
		{09CAEC28-9D9C-4023-9747-C08F324FE9D1} = {C2E451BC-62FA-474D-8D3A-433DF8A35D0F}
		{E8C78794-43F5-4700-B7BB-EFEC6457FE09} = {C2E451BC-62FA-474D-8D3A-433DF8A35D0F}
	EndGlobalSection
	GlobalSection(ExtensibilityGlobals) = postSolution
		SolutionGuid = {1D12E519-7A61-4A7D-AE8F-4BFB2E5B44D3}
	EndGlobalSection
EndGlobal
